
Microsoft Visual Studio Solution File, Format Version 12.00
# Visual Studio Version 16
VisualStudioVersion = 16.0.30907.101
MinimumVisualStudioVersion = 10.0.40219.1
Project("{9A19103F-16F7-4668-BE54-9A1E7A4F7556}") = "Hangfire.Heartbeat", "src\Hangfire.Heartbeat\Hangfire.Heartbeat.csproj", "{5A736225-BBEE-4C15-91DB-52726E2F3E8E}"
EndProject
Project("{9A19103F-16F7-4668-BE54-9A1E7A4F7556}") = "Hangfire.Heartbeat.TestApplication", "tests\Hangfire.Heartbeat.TestApplication\Hangfire.Heartbeat.TestApplication.csproj", "{F02D7907-38A0-4020-9D20-E03E9523B9A5}"
EndProject
Project("{2150E333-8FDC-42A3-9474-1A3956D46DE8}") = "workflows", "workflows", "{9DD375E1-9F69-4B56-AADD-A10A677CA959}"
ProjectSection(SolutionItems) = preProject
	.github\workflows\build-and-publish-nuget.yml = .github\workflows\build-and-publish-nuget.yml
	.github\workflows\build-and-test.yml = .github\workflows\build-and-test.yml
EndProjectSection
EndProject
Global
	GlobalSection(SolutionConfigurationPlatforms) = preSolution
		Debug|Any CPU = Debug|Any CPU
		Release|Any CPU = Release|Any CPU
	EndGlobalSection
	GlobalSection(ProjectConfigurationPlatforms) = postSolution
		{5A736225-BBEE-4C15-91DB-52726E2F3E8E}.Debug|Any CPU.ActiveCfg = Debug|Any CPU
		{5A736225-BBEE-4C15-91DB-52726E2F3E8E}.Debug|Any CPU.Build.0 = Debug|Any CPU
		{5A736225-BBEE-4C15-91DB-52726E2F3E8E}.Release|Any CPU.ActiveCfg = Release|Any CPU
		{5A736225-BBEE-4C15-91DB-52726E2F3E8E}.Release|Any CPU.Build.0 = Release|Any CPU
		{F02D7907-38A0-4020-9D20-E03E9523B9A5}.Debug|Any CPU.ActiveCfg = Debug|Any CPU
		{F02D7907-38A0-4020-9D20-E03E9523B9A5}.Debug|Any CPU.Build.0 = Debug|Any CPU
		{F02D7907-38A0-4020-9D20-E03E9523B9A5}.Release|Any CPU.ActiveCfg = Release|Any CPU
		{F02D7907-38A0-4020-9D20-E03E9523B9A5}.Release|Any CPU.Build.0 = Release|Any CPU
	EndGlobalSection
	GlobalSection(SolutionProperties) = preSolution
		HideSolutionNode = FALSE
	EndGlobalSection
	GlobalSection(ExtensibilityGlobals) = postSolution
		SolutionGuid = {EF292B22-B072-40C7-BD21-6E66DCBBF0EE}
	EndGlobalSection
EndGlobal
